
Microsoft Visual Studio Solution File, Format Version 12.00
# Visual Studio Version 17
VisualStudioVersion = 17.0.31903.59
MinimumVisualStudioVersion = 10.0.40219.1
Project("{2150E333-8FDC-42A3-9474-1A3956D46DE8}") = "src", "src", "{0415249B-8AC1-477E-B467-A6F8E563E395}"
EndProject
Project("{9A19103F-16F7-4668-BE54-9A1E7A4F7556}") = "ServiceReport.Core", "src\ServiceReport.Core\ServiceReport.Core.csproj", "{1640CAB4-2993-413D-81E3-FA092CFE411A}"
EndProject
Project("{9A19103F-16F7-4668-BE54-9A1E7A4F7556}") = "ServiceReport", "src\ServiceReport\ServiceReport.csproj", "{49FE0B22-6A7E-4D54-9D7E-CA2BAD1AA557}"
EndProject
Project("{2150E333-8FDC-42A3-9474-1A3956D46DE8}") = "test", "test", "{8872E503-EE18-4B96-928B-BBA0F762679F}"
EndProject
Project("{9A19103F-16F7-4668-BE54-9A1E7A4F7556}") = "ApiService", "test\ApiService\ApiService.csproj", "{0BEA7517-826E-4A8C-A6E8-E646D86E9286}"
EndProject
Project("{9A19103F-16F7-4668-BE54-9A1E7A4F7556}") = "UI", "test\UI\UI.csproj", "{2ADB7624-AC73-4AE2-8911-F3A6C49F86AA}"
EndProject
Project("{9A19103F-16F7-4668-BE54-9A1E7A4F7556}") = "ServiceReport.Saver.Abstract", "src\ServiceReport.Saver.Abstract\ServiceReport.Saver.Abstract.csproj", "{F0D0F164-60DE-459B-9E4C-0D4D3EEEBFB6}"
EndProject
Project("{9A19103F-16F7-4668-BE54-9A1E7A4F7556}") = "ServiceReport.Saver.Http", "src\ServiceReport.Saver.Http\ServiceReport.Saver.Http.csproj", "{EA76B5BA-6641-4714-9E03-AF54636BF508}"
EndProject
Project("{9A19103F-16F7-4668-BE54-9A1E7A4F7556}") = "Console", "test\Console\Console.csproj", "{B709045B-F46B-406A-9F40-79899CEA24C9}"
EndProject
Project("{2150E333-8FDC-42A3-9474-1A3956D46DE8}") = "ServiceReport.Ui", "ServiceReport.Ui", "{47FE3D64-3869-4C47-9843-D729DD9A2A2C}"
EndProject
Project("{9A19103F-16F7-4668-BE54-9A1E7A4F7556}") = "ServiceReport.Ui.Storage", "src\ServiceReport.Ui\ServiceReport.Ui.Storage\ServiceReport.Ui.Storage.csproj", "{34D1CD33-D182-43B9-9411-B4F72D0F0F5B}"
EndProject
Project("{9A19103F-16F7-4668-BE54-9A1E7A4F7556}") = "ServiceReport.Ui.Web", "src\ServiceReport.Ui\ServiceReport.Ui.Web\ServiceReport.Ui.Web.csproj", "{C752FF38-C491-4A3C-A870-6E43F3049E21}"
EndProject
Project("{9A19103F-16F7-4668-BE54-9A1E7A4F7556}") = "ServiceReport.Ui.Core", "src\ServiceReport.Ui\ServiceReport.Ui.Core\ServiceReport.Ui.Core.csproj", "{50322842-4337-41EB-BA7E-3D84BD750389}"
EndProject
Project("{9A19103F-16F7-4668-BE54-9A1E7A4F7556}") = "ServiceReport.Ui.Web.Core", "src\ServiceReport.Ui\ServiceReport.Ui.Web.Core\ServiceReport.Ui.Web.Core.csproj", "{6FAC32D7-71CE-43BE-AA52-952896D32FE6}"
EndProject
Global
	GlobalSection(SolutionConfigurationPlatforms) = preSolution
		Debug|Any CPU = Debug|Any CPU
		Release|Any CPU = Release|Any CPU
	EndGlobalSection
	GlobalSection(ProjectConfigurationPlatforms) = postSolution
		{1640CAB4-2993-413D-81E3-FA092CFE411A}.Debug|Any CPU.ActiveCfg = Debug|Any CPU
		{1640CAB4-2993-413D-81E3-FA092CFE411A}.Debug|Any CPU.Build.0 = Debug|Any CPU
		{1640CAB4-2993-413D-81E3-FA092CFE411A}.Release|Any CPU.ActiveCfg = Release|Any CPU
		{1640CAB4-2993-413D-81E3-FA092CFE411A}.Release|Any CPU.Build.0 = Release|Any CPU
		{49FE0B22-6A7E-4D54-9D7E-CA2BAD1AA557}.Debug|Any CPU.ActiveCfg = Debug|Any CPU
		{49FE0B22-6A7E-4D54-9D7E-CA2BAD1AA557}.Debug|Any CPU.Build.0 = Debug|Any CPU
		{49FE0B22-6A7E-4D54-9D7E-CA2BAD1AA557}.Release|Any CPU.ActiveCfg = Release|Any CPU
		{49FE0B22-6A7E-4D54-9D7E-CA2BAD1AA557}.Release|Any CPU.Build.0 = Release|Any CPU
		{0BEA7517-826E-4A8C-A6E8-E646D86E9286}.Debug|Any CPU.ActiveCfg = Debug|Any CPU
		{0BEA7517-826E-4A8C-A6E8-E646D86E9286}.Debug|Any CPU.Build.0 = Debug|Any CPU
		{0BEA7517-826E-4A8C-A6E8-E646D86E9286}.Release|Any CPU.ActiveCfg = Release|Any CPU
		{0BEA7517-826E-4A8C-A6E8-E646D86E9286}.Release|Any CPU.Build.0 = Release|Any CPU
		{2ADB7624-AC73-4AE2-8911-F3A6C49F86AA}.Debug|Any CPU.ActiveCfg = Debug|Any CPU
		{2ADB7624-AC73-4AE2-8911-F3A6C49F86AA}.Debug|Any CPU.Build.0 = Debug|Any CPU
		{2ADB7624-AC73-4AE2-8911-F3A6C49F86AA}.Release|Any CPU.ActiveCfg = Release|Any CPU
		{2ADB7624-AC73-4AE2-8911-F3A6C49F86AA}.Release|Any CPU.Build.0 = Release|Any CPU
		{F0D0F164-60DE-459B-9E4C-0D4D3EEEBFB6}.Debug|Any CPU.ActiveCfg = Debug|Any CPU
		{F0D0F164-60DE-459B-9E4C-0D4D3EEEBFB6}.Debug|Any CPU.Build.0 = Debug|Any CPU
		{F0D0F164-60DE-459B-9E4C-0D4D3EEEBFB6}.Release|Any CPU.ActiveCfg = Release|Any CPU
		{F0D0F164-60DE-459B-9E4C-0D4D3EEEBFB6}.Release|Any CPU.Build.0 = Release|Any CPU
		{EA76B5BA-6641-4714-9E03-AF54636BF508}.Debug|Any CPU.ActiveCfg = Debug|Any CPU
		{EA76B5BA-6641-4714-9E03-AF54636BF508}.Debug|Any CPU.Build.0 = Debug|Any CPU
		{EA76B5BA-6641-4714-9E03-AF54636BF508}.Release|Any CPU.ActiveCfg = Release|Any CPU
		{EA76B5BA-6641-4714-9E03-AF54636BF508}.Release|Any CPU.Build.0 = Release|Any CPU
		{B709045B-F46B-406A-9F40-79899CEA24C9}.Debug|Any CPU.ActiveCfg = Debug|Any CPU
		{B709045B-F46B-406A-9F40-79899CEA24C9}.Debug|Any CPU.Build.0 = Debug|Any CPU
		{B709045B-F46B-406A-9F40-79899CEA24C9}.Release|Any CPU.ActiveCfg = Release|Any CPU
		{B709045B-F46B-406A-9F40-79899CEA24C9}.Release|Any CPU.Build.0 = Release|Any CPU
		{34D1CD33-D182-43B9-9411-B4F72D0F0F5B}.Debug|Any CPU.ActiveCfg = Debug|Any CPU
		{34D1CD33-D182-43B9-9411-B4F72D0F0F5B}.Debug|Any CPU.Build.0 = Debug|Any CPU
		{34D1CD33-D182-43B9-9411-B4F72D0F0F5B}.Release|Any CPU.ActiveCfg = Release|Any CPU
		{34D1CD33-D182-43B9-9411-B4F72D0F0F5B}.Release|Any CPU.Build.0 = Release|Any CPU
		{C752FF38-C491-4A3C-A870-6E43F3049E21}.Debug|Any CPU.ActiveCfg = Debug|Any CPU
		{C752FF38-C491-4A3C-A870-6E43F3049E21}.Debug|Any CPU.Build.0 = Debug|Any CPU
		{C752FF38-C491-4A3C-A870-6E43F3049E21}.Release|Any CPU.ActiveCfg = Release|Any CPU
		{C752FF38-C491-4A3C-A870-6E43F3049E21}.Release|Any CPU.Build.0 = Release|Any CPU
		{50322842-4337-41EB-BA7E-3D84BD750389}.Debug|Any CPU.ActiveCfg = Debug|Any CPU
		{50322842-4337-41EB-BA7E-3D84BD750389}.Debug|Any CPU.Build.0 = Debug|Any CPU
		{50322842-4337-41EB-BA7E-3D84BD750389}.Release|Any CPU.ActiveCfg = Release|Any CPU
		{50322842-4337-41EB-BA7E-3D84BD750389}.Release|Any CPU.Build.0 = Release|Any CPU
		{6FAC32D7-71CE-43BE-AA52-952896D32FE6}.Debug|Any CPU.ActiveCfg = Debug|Any CPU
		{6FAC32D7-71CE-43BE-AA52-952896D32FE6}.Debug|Any CPU.Build.0 = Debug|Any CPU
		{6FAC32D7-71CE-43BE-AA52-952896D32FE6}.Release|Any CPU.ActiveCfg = Release|Any CPU
		{6FAC32D7-71CE-43BE-AA52-952896D32FE6}.Release|Any CPU.Build.0 = Release|Any CPU
	EndGlobalSection
	GlobalSection(SolutionProperties) = preSolution
		HideSolutionNode = FALSE
	EndGlobalSection
	GlobalSection(NestedProjects) = preSolution
		{1640CAB4-2993-413D-81E3-FA092CFE411A} = {0415249B-8AC1-477E-B467-A6F8E563E395}
		{49FE0B22-6A7E-4D54-9D7E-CA2BAD1AA557} = {0415249B-8AC1-477E-B467-A6F8E563E395}
		{0BEA7517-826E-4A8C-A6E8-E646D86E9286} = {8872E503-EE18-4B96-928B-BBA0F762679F}
		{2ADB7624-AC73-4AE2-8911-F3A6C49F86AA} = {8872E503-EE18-4B96-928B-BBA0F762679F}
		{F0D0F164-60DE-459B-9E4C-0D4D3EEEBFB6} = {0415249B-8AC1-477E-B467-A6F8E563E395}
		{EA76B5BA-6641-4714-9E03-AF54636BF508} = {0415249B-8AC1-477E-B467-A6F8E563E395}
		{B709045B-F46B-406A-9F40-79899CEA24C9} = {8872E503-EE18-4B96-928B-BBA0F762679F}
		{47FE3D64-3869-4C47-9843-D729DD9A2A2C} = {0415249B-8AC1-477E-B467-A6F8E563E395}
		{34D1CD33-D182-43B9-9411-B4F72D0F0F5B} = {47FE3D64-3869-4C47-9843-D729DD9A2A2C}
		{C752FF38-C491-4A3C-A870-6E43F3049E21} = {47FE3D64-3869-4C47-9843-D729DD9A2A2C}
		{50322842-4337-41EB-BA7E-3D84BD750389} = {47FE3D64-3869-4C47-9843-D729DD9A2A2C}
		{6FAC32D7-71CE-43BE-AA52-952896D32FE6} = {47FE3D64-3869-4C47-9843-D729DD9A2A2C}
	EndGlobalSection
	GlobalSection(ExtensibilityGlobals) = postSolution
		SolutionGuid = {BFD902DE-C119-4178-AA36-54003CD1E70C}
	EndGlobalSection
EndGlobal
